// !$*UTF8*$!
{
	archiveVersion = 1;
	classes = {
	};
	objectVersion = 48;
	objects = {

/* Begin PBXBuildFile section */
		89C9975F1FF1AAC4002AB7A2 /* AppDelegate.swift in Sources */ = {isa = PBXBuildFile; fileRef = 89C9975E1FF1AAC4002AB7A2 /* AppDelegate.swift */; };
		89C997611FF1AAC4002AB7A2 /* ViewController.swift in Sources */ = {isa = PBXBuildFile; fileRef = 89C997601FF1AAC4002AB7A2 /* ViewController.swift */; };
		89C997641FF1AAC4002AB7A2 /* Main.storyboard in Resources */ = {isa = PBXBuildFile; fileRef = 89C997621FF1AAC4002AB7A2 /* Main.storyboard */; };
		89C997671FF1AAC4002AB7A2 /* CocoaPodsDemo.xcdatamodeld in Sources */ = {isa = PBXBuildFile; fileRef = 89C997651FF1AAC4002AB7A2 /* CocoaPodsDemo.xcdatamodeld */; };
		89C997691FF1AAC4002AB7A2 /* Assets.xcassets in Resources */ = {isa = PBXBuildFile; fileRef = 89C997681FF1AAC4002AB7A2 /* Assets.xcassets */; };
		89C9976C1FF1AAC4002AB7A2 /* LaunchScreen.storyboard in Resources */ = {isa = PBXBuildFile; fileRef = 89C9976A1FF1AAC4002AB7A2 /* LaunchScreen.storyboard */; };
		89C997771FF1AAC5002AB7A2 /* CocoaPodsDemoTests.swift in Sources */ = {isa = PBXBuildFile; fileRef = 89C997761FF1AAC5002AB7A2 /* CocoaPodsDemoTests.swift */; };
		89C997821FF1AAC5002AB7A2 /* CocoaPodsDemoUITests.swift in Sources */ = {isa = PBXBuildFile; fileRef = 89C997811FF1AAC5002AB7A2 /* CocoaPodsDemoUITests.swift */; };
		89C997901FF1AF7C002AB7A2 /* InfoTableViewController.swift in Sources */ = {isa = PBXBuildFile; fileRef = 89C9978F1FF1AF7C002AB7A2 /* InfoTableViewController.swift */; };
		89C997921FF21CF1002AB7A2 /* Husky.jpg in Resources */ = {isa = PBXBuildFile; fileRef = 89C997911FF21CF1002AB7A2 /* Husky.jpg */; };
		89CD7E541FF3758C00BD70BD /* Retriever.jpg in Resources */ = {isa = PBXBuildFile; fileRef = 89CD7E531FF3758C00BD70BD /* Retriever.jpg */; };
/* End PBXBuildFile section */

/* Begin PBXContainerItemProxy section */
		89C997731FF1AAC4002AB7A2 /* PBXContainerItemProxy */ = {
			isa = PBXContainerItemProxy;
			containerPortal = 89C997531FF1AAC4002AB7A2 /* Project object */;
			proxyType = 1;
			remoteGlobalIDString = 89C9975A1FF1AAC4002AB7A2;
			remoteInfo = CocoaPodsDemo;
		};
		89C9977E1FF1AAC5002AB7A2 /* PBXContainerItemProxy */ = {
			isa = PBXContainerItemProxy;
			containerPortal = 89C997531FF1AAC4002AB7A2 /* Project object */;
			proxyType = 1;
			remoteGlobalIDString = 89C9975A1FF1AAC4002AB7A2;
			remoteInfo = CocoaPodsDemo;
		};
/* End PBXContainerItemProxy section */

/* Begin PBXFileReference section */
		89C9975B1FF1AAC4002AB7A2 /* CocoaPodsDemo.app */ = {isa = PBXFileReference; explicitFileType = wrapper.application; includeInIndex = 0; path = CocoaPodsDemo.app; sourceTree = BUILT_PRODUCTS_DIR; };
		89C9975E1FF1AAC4002AB7A2 /* AppDelegate.swift */ = {isa = PBXFileReference; lastKnownFileType = sourcecode.swift; path = AppDelegate.swift; sourceTree = "<group>"; };
		89C997601FF1AAC4002AB7A2 /* ViewController.swift */ = {isa = PBXFileReference; lastKnownFileType = sourcecode.swift; path = ViewController.swift; sourceTree = "<group>"; };
		89C997631FF1AAC4002AB7A2 /* Base */ = {isa = PBXFileReference; lastKnownFileType = file.storyboard; name = Base; path = Base.lproj/Main.storyboard; sourceTree = "<group>"; };
		89C997661FF1AAC4002AB7A2 /* CocoaPodsDemo.xcdatamodel */ = {isa = PBXFileReference; lastKnownFileType = wrapper.xcdatamodel; path = CocoaPodsDemo.xcdatamodel; sourceTree = "<group>"; };
		89C997681FF1AAC4002AB7A2 /* Assets.xcassets */ = {isa = PBXFileReference; lastKnownFileType = folder.assetcatalog; path = Assets.xcassets; sourceTree = "<group>"; };
		89C9976B1FF1AAC4002AB7A2 /* Base */ = {isa = PBXFileReference; lastKnownFileType = file.storyboard; name = Base; path = Base.lproj/LaunchScreen.storyboard; sourceTree = "<group>"; };
		89C9976D1FF1AAC4002AB7A2 /* Info.plist */ = {isa = PBXFileReference; lastKnownFileType = text.plist.xml; path = Info.plist; sourceTree = "<group>"; };
		89C997721FF1AAC4002AB7A2 /* CocoaPodsDemoTests.xctest */ = {isa = PBXFileReference; explicitFileType = wrapper.cfbundle; includeInIndex = 0; path = CocoaPodsDemoTests.xctest; sourceTree = BUILT_PRODUCTS_DIR; };
		89C997761FF1AAC5002AB7A2 /* CocoaPodsDemoTests.swift */ = {isa = PBXFileReference; lastKnownFileType = sourcecode.swift; path = CocoaPodsDemoTests.swift; sourceTree = "<group>"; };
		89C997781FF1AAC5002AB7A2 /* Info.plist */ = {isa = PBXFileReference; lastKnownFileType = text.plist.xml; path = Info.plist; sourceTree = "<group>"; };
		89C9977D1FF1AAC5002AB7A2 /* CocoaPodsDemoUITests.xctest */ = {isa = PBXFileReference; explicitFileType = wrapper.cfbundle; includeInIndex = 0; path = CocoaPodsDemoUITests.xctest; sourceTree = BUILT_PRODUCTS_DIR; };
		89C997811FF1AAC5002AB7A2 /* CocoaPodsDemoUITests.swift */ = {isa = PBXFileReference; lastKnownFileType = sourcecode.swift; path = CocoaPodsDemoUITests.swift; sourceTree = "<group>"; };
		89C997831FF1AAC5002AB7A2 /* Info.plist */ = {isa = PBXFileReference; lastKnownFileType = text.plist.xml; path = Info.plist; sourceTree = "<group>"; };
		89C9978F1FF1AF7C002AB7A2 /* InfoTableViewController.swift */ = {isa = PBXFileReference; lastKnownFileType = sourcecode.swift; path = InfoTableViewController.swift; sourceTree = "<group>"; };
		89C997911FF21CF1002AB7A2 /* Husky.jpg */ = {isa = PBXFileReference; lastKnownFileType = image.jpeg; path = Husky.jpg; sourceTree = "<group>"; };
		89CD7E531FF3758C00BD70BD /* Retriever.jpg */ = {isa = PBXFileReference; lastKnownFileType = image.jpeg; path = Retriever.jpg; sourceTree = "<group>"; };
/* End PBXFileReference section */

/* Begin PBXFrameworksBuildPhase section */
		89C997581FF1AAC4002AB7A2 /* Frameworks */ = {
			isa = PBXFrameworksBuildPhase;
			buildActionMask = 2147483647;
			files = (
			);
			runOnlyForDeploymentPostprocessing = 0;
		};
		89C9976F1FF1AAC4002AB7A2 /* Frameworks */ = {
			isa = PBXFrameworksBuildPhase;
			buildActionMask = 2147483647;
			files = (
			);
			runOnlyForDeploymentPostprocessing = 0;
		};
		89C9977A1FF1AAC5002AB7A2 /* Frameworks */ = {
			isa = PBXFrameworksBuildPhase;
			buildActionMask = 2147483647;
			files = (
			);
			runOnlyForDeploymentPostprocessing = 0;
		};
/* End PBXFrameworksBuildPhase section */

/* Begin PBXGroup section */
		89C997521FF1AAC4002AB7A2 = {
			isa = PBXGroup;
			children = (
				89C9975D1FF1AAC4002AB7A2 /* CocoaPodsDemo */,
				89C997751FF1AAC5002AB7A2 /* CocoaPodsDemoTests */,
				89C997801FF1AAC5002AB7A2 /* CocoaPodsDemoUITests */,
				89C9975C1FF1AAC4002AB7A2 /* Products */,
			);
			sourceTree = "<group>";
		};
		89C9975C1FF1AAC4002AB7A2 /* Products */ = {
			isa = PBXGroup;
			children = (
				89C9975B1FF1AAC4002AB7A2 /* CocoaPodsDemo.app */,
				89C997721FF1AAC4002AB7A2 /* CocoaPodsDemoTests.xctest */,
				89C9977D1FF1AAC5002AB7A2 /* CocoaPodsDemoUITests.xctest */,
			);
			name = Products;
			sourceTree = "<group>";
		};
		89C9975D1FF1AAC4002AB7A2 /* CocoaPodsDemo */ = {
			isa = PBXGroup;
			children = (
				89C9975E1FF1AAC4002AB7A2 /* AppDelegate.swift */,
				89C997601FF1AAC4002AB7A2 /* ViewController.swift */,
				89C997621FF1AAC4002AB7A2 /* Main.storyboard */,
				89C9978F1FF1AF7C002AB7A2 /* InfoTableViewController.swift */,
				89C997681FF1AAC4002AB7A2 /* Assets.xcassets */,
				89C9976A1FF1AAC4002AB7A2 /* LaunchScreen.storyboard */,
				89C9976D1FF1AAC4002AB7A2 /* Info.plist */,
				89C997651FF1AAC4002AB7A2 /* CocoaPodsDemo.xcdatamodeld */,
				89C997911FF21CF1002AB7A2 /* Husky.jpg */,
				89CD7E531FF3758C00BD70BD /* Retriever.jpg */,
			);
			path = CocoaPodsDemo;
			sourceTree = "<group>";
		};
		89C997751FF1AAC5002AB7A2 /* CocoaPodsDemoTests */ = {
			isa = PBXGroup;
			children = (
				89C997761FF1AAC5002AB7A2 /* CocoaPodsDemoTests.swift */,
				89C997781FF1AAC5002AB7A2 /* Info.plist */,
			);
			path = CocoaPodsDemoTests;
			sourceTree = "<group>";
		};
		89C997801FF1AAC5002AB7A2 /* CocoaPodsDemoUITests */ = {
			isa = PBXGroup;
			children = (
				89C997811FF1AAC5002AB7A2 /* CocoaPodsDemoUITests.swift */,
				89C997831FF1AAC5002AB7A2 /* Info.plist */,
			);
			path = CocoaPodsDemoUITests;
			sourceTree = "<group>";
		};
/* End PBXGroup section */

/* Begin PBXNativeTarget section */
		89C9975A1FF1AAC4002AB7A2 /* CocoaPodsDemo */ = {
			isa = PBXNativeTarget;
			buildConfigurationList = 89C997861FF1AAC5002AB7A2 /* Build configuration list for PBXNativeTarget "CocoaPodsDemo" */;
			buildPhases = (
				89C997571FF1AAC4002AB7A2 /* Sources */,
				89C997581FF1AAC4002AB7A2 /* Frameworks */,
				89C997591FF1AAC4002AB7A2 /* Resources */,
			);
			buildRules = (
			);
			dependencies = (
			);
			name = CocoaPodsDemo;
			productName = CocoaPodsDemo;
			productReference = 89C9975B1FF1AAC4002AB7A2 /* CocoaPodsDemo.app */;
			productType = "com.apple.product-type.application";
		};
		89C997711FF1AAC4002AB7A2 /* CocoaPodsDemoTests */ = {
			isa = PBXNativeTarget;
			buildConfigurationList = 89C997891FF1AAC5002AB7A2 /* Build configuration list for PBXNativeTarget "CocoaPodsDemoTests" */;
			buildPhases = (
				89C9976E1FF1AAC4002AB7A2 /* Sources */,
				89C9976F1FF1AAC4002AB7A2 /* Frameworks */,
				89C997701FF1AAC4002AB7A2 /* Resources */,
			);
			buildRules = (
			);
			dependencies = (
				89C997741FF1AAC4002AB7A2 /* PBXTargetDependency */,
			);
			name = CocoaPodsDemoTests;
			productName = CocoaPodsDemoTests;
			productReference = 89C997721FF1AAC4002AB7A2 /* CocoaPodsDemoTests.xctest */;
			productType = "com.apple.product-type.bundle.unit-test";
		};
		89C9977C1FF1AAC5002AB7A2 /* CocoaPodsDemoUITests */ = {
			isa = PBXNativeTarget;
			buildConfigurationList = 89C9978C1FF1AAC5002AB7A2 /* Build configuration list for PBXNativeTarget "CocoaPodsDemoUITests" */;
			buildPhases = (
				89C997791FF1AAC5002AB7A2 /* Sources */,
				89C9977A1FF1AAC5002AB7A2 /* Frameworks */,
				89C9977B1FF1AAC5002AB7A2 /* Resources */,
			);
			buildRules = (
			);
			dependencies = (
				89C9977F1FF1AAC5002AB7A2 /* PBXTargetDependency */,
			);
			name = CocoaPodsDemoUITests;
			productName = CocoaPodsDemoUITests;
			productReference = 89C9977D1FF1AAC5002AB7A2 /* CocoaPodsDemoUITests.xctest */;
			productType = "com.apple.product-type.bundle.ui-testing";
		};
/* End PBXNativeTarget section */

/* Begin PBXProject section */
		89C997531FF1AAC4002AB7A2 /* Project object */ = {
			isa = PBXProject;
			attributes = {
				LastSwiftUpdateCheck = 0920;
				LastUpgradeCheck = 0920;
				ORGANIZATIONNAME = "Shrijit Singh";
				TargetAttributes = {
					89C9975A1FF1AAC4002AB7A2 = {
						CreatedOnToolsVersion = 9.2;
						ProvisioningStyle = Automatic;
					};
					89C997711FF1AAC4002AB7A2 = {
						CreatedOnToolsVersion = 9.2;
						ProvisioningStyle = Automatic;
						TestTargetID = 89C9975A1FF1AAC4002AB7A2;
					};
					89C9977C1FF1AAC5002AB7A2 = {
						CreatedOnToolsVersion = 9.2;
						ProvisioningStyle = Automatic;
						TestTargetID = 89C9975A1FF1AAC4002AB7A2;
					};
				};
			};
			buildConfigurationList = 89C997561FF1AAC4002AB7A2 /* Build configuration list for PBXProject "CocoaPodsDemo" */;
			compatibilityVersion = "Xcode 8.0";
			developmentRegion = en;
			hasScannedForEncodings = 0;
			knownRegions = (
				en,
				Base,
			);
			mainGroup = 89C997521FF1AAC4002AB7A2;
			productRefGroup = 89C9975C1FF1AAC4002AB7A2 /* Products */;
			projectDirPath = "";
			projectRoot = "";
			targets = (
				89C9975A1FF1AAC4002AB7A2 /* CocoaPodsDemo */,
				89C997711FF1AAC4002AB7A2 /* CocoaPodsDemoTests */,
				89C9977C1FF1AAC5002AB7A2 /* CocoaPodsDemoUITests */,
			);
		};
/* End PBXProject section */

/* Begin PBXResourcesBuildPhase section */
		89C997591FF1AAC4002AB7A2 /* Resources */ = {
			isa = PBXResourcesBuildPhase;
			buildActionMask = 2147483647;
			files = (
				89C997921FF21CF1002AB7A2 /* Husky.jpg in Resources */,
				89CD7E541FF3758C00BD70BD /* Retriever.jpg in Resources */,
				89C9976C1FF1AAC4002AB7A2 /* LaunchScreen.storyboard in Resources */,
				89C997691FF1AAC4002AB7A2 /* Assets.xcassets in Resources */,
				89C997641FF1AAC4002AB7A2 /* Main.storyboard in Resources */,
			);
			runOnlyForDeploymentPostprocessing = 0;
		};
		89C997701FF1AAC4002AB7A2 /* Resources */ = {
			isa = PBXResourcesBuildPhase;
			buildActionMask = 2147483647;
			files = (
			);
			runOnlyForDeploymentPostprocessing = 0;
		};
		89C9977B1FF1AAC5002AB7A2 /* Resources */ = {
			isa = PBXResourcesBuildPhase;
			buildActionMask = 2147483647;
			files = (
			);
			runOnlyForDeploymentPostprocessing = 0;
		};
/* End PBXResourcesBuildPhase section */

/* Begin PBXSourcesBuildPhase section */
		89C997571FF1AAC4002AB7A2 /* Sources */ = {
			isa = PBXSourcesBuildPhase;
			buildActionMask = 2147483647;
			files = (
				89C997611FF1AAC4002AB7A2 /* ViewController.swift in Sources */,
				89C9975F1FF1AAC4002AB7A2 /* AppDelegate.swift in Sources */,
				89C997671FF1AAC4002AB7A2 /* CocoaPodsDemo.xcdatamodeld in Sources */,
				89C997901FF1AF7C002AB7A2 /* InfoTableViewController.swift in Sources */,
			);
			runOnlyForDeploymentPostprocessing = 0;
		};
		89C9976E1FF1AAC4002AB7A2 /* Sources */ = {
			isa = PBXSourcesBuildPhase;
			buildActionMask = 2147483647;
			files = (
				89C997771FF1AAC5002AB7A2 /* CocoaPodsDemoTests.swift in Sources */,
			);
			runOnlyForDeploymentPostprocessing = 0;
		};
		89C997791FF1AAC5002AB7A2 /* Sources */ = {
			isa = PBXSourcesBuildPhase;
			buildActionMask = 2147483647;
			files = (
				89C997821FF1AAC5002AB7A2 /* CocoaPodsDemoUITests.swift in Sources */,
			);
			runOnlyForDeploymentPostprocessing = 0;
		};
/* End PBXSourcesBuildPhase section */

/* Begin PBXTargetDependency section */
		89C997741FF1AAC4002AB7A2 /* PBXTargetDependency */ = {
			isa = PBXTargetDependency;
			target = 89C9975A1FF1AAC4002AB7A2 /* CocoaPodsDemo */;
			targetProxy = 89C997731FF1AAC4002AB7A2 /* PBXContainerItemProxy */;
		};
		89C9977F1FF1AAC5002AB7A2 /* PBXTargetDependency */ = {
			isa = PBXTargetDependency;
			target = 89C9975A1FF1AAC4002AB7A2 /* CocoaPodsDemo */;
			targetProxy = 89C9977E1FF1AAC5002AB7A2 /* PBXContainerItemProxy */;
		};
/* End PBXTargetDependency section */

/* Begin PBXVariantGroup section */
		89C997621FF1AAC4002AB7A2 /* Main.storyboard */ = {
			isa = PBXVariantGroup;
			children = (
				89C997631FF1AAC4002AB7A2 /* Base */,
			);
			name = Main.storyboard;
			sourceTree = "<group>";
		};
		89C9976A1FF1AAC4002AB7A2 /* LaunchScreen.storyboard */ = {
			isa = PBXVariantGroup;
			children = (
				89C9976B1FF1AAC4002AB7A2 /* Base */,
			);
			name = LaunchScreen.storyboard;
			sourceTree = "<group>";
		};
/* End PBXVariantGroup section */

/* Begin XCBuildConfiguration section */
		89C997841FF1AAC5002AB7A2 /* Debug */ = {
			isa = XCBuildConfiguration;
			buildSettings = {
				ALWAYS_SEARCH_USER_PATHS = NO;
				CLANG_ANALYZER_NONNULL = YES;
				CLANG_ANALYZER_NUMBER_OBJECT_CONVERSION = YES_AGGRESSIVE;
				CLANG_CXX_LANGUAGE_STANDARD = "gnu++14";
				CLANG_CXX_LIBRARY = "libc++";
				CLANG_ENABLE_MODULES = YES;
				CLANG_ENABLE_OBJC_ARC = YES;
				CLANG_WARN_BLOCK_CAPTURE_AUTORELEASING = YES;
				CLANG_WARN_BOOL_CONVERSION = YES;
				CLANG_WARN_COMMA = YES;
				CLANG_WARN_CONSTANT_CONVERSION = YES;
				CLANG_WARN_DIRECT_OBJC_ISA_USAGE = YES_ERROR;
				CLANG_WARN_DOCUMENTATION_COMMENTS = YES;
				CLANG_WARN_EMPTY_BODY = YES;
				CLANG_WARN_ENUM_CONVERSION = YES;
				CLANG_WARN_INFINITE_RECURSION = YES;
				CLANG_WARN_INT_CONVERSION = YES;
				CLANG_WARN_NON_LITERAL_NULL_CONVERSION = YES;
				CLANG_WARN_OBJC_LITERAL_CONVERSION = YES;
				CLANG_WARN_OBJC_ROOT_CLASS = YES_ERROR;
				CLANG_WARN_RANGE_LOOP_ANALYSIS = YES;
				CLANG_WARN_STRICT_PROTOTYPES = YES;
				CLANG_WARN_SUSPICIOUS_MOVE = YES;
				CLANG_WARN_UNGUARDED_AVAILABILITY = YES_AGGRESSIVE;
				CLANG_WARN_UNREACHABLE_CODE = YES;
				CLANG_WARN__DUPLICATE_METHOD_MATCH = YES;
				CODE_SIGN_IDENTITY = "iPhone Developer";
				COPY_PHASE_STRIP = NO;
				DEBUG_INFORMATION_FORMAT = dwarf;
				ENABLE_STRICT_OBJC_MSGSEND = YES;
				ENABLE_TESTABILITY = YES;
				GCC_C_LANGUAGE_STANDARD = gnu11;
				GCC_DYNAMIC_NO_PIC = NO;
				GCC_NO_COMMON_BLOCKS = YES;
				GCC_OPTIMIZATION_LEVEL = 0;
				GCC_PREPROCESSOR_DEFINITIONS = (
					"DEBUG=1",
					"$(inherited)",
				);
				GCC_WARN_64_TO_32_BIT_CONVERSION = YES;
				GCC_WARN_ABOUT_RETURN_TYPE = YES_ERROR;
				GCC_WARN_UNDECLARED_SELECTOR = YES;
				GCC_WARN_UNINITIALIZED_AUTOS = YES_AGGRESSIVE;
				GCC_WARN_UNUSED_FUNCTION = YES;
				GCC_WARN_UNUSED_VARIABLE = YES;
				IPHONEOS_DEPLOYMENT_TARGET = 11.2;
				MTL_ENABLE_DEBUG_INFO = YES;
				ONLY_ACTIVE_ARCH = YES;
				SDKROOT = iphoneos;
				SWIFT_ACTIVE_COMPILATION_CONDITIONS = DEBUG;
				SWIFT_OPTIMIZATION_LEVEL = "-Onone";
			};
			name = Debug;
		};
		89C997851FF1AAC5002AB7A2 /* Release */ = {
			isa = XCBuildConfiguration;
			buildSettings = {
				ALWAYS_SEARCH_USER_PATHS = NO;
				CLANG_ANALYZER_NONNULL = YES;
				CLANG_ANALYZER_NUMBER_OBJECT_CONVERSION = YES_AGGRESSIVE;
				CLANG_CXX_LANGUAGE_STANDARD = "gnu++14";
				CLANG_CXX_LIBRARY = "libc++";
				CLANG_ENABLE_MODULES = YES;
				CLANG_ENABLE_OBJC_ARC = YES;
				CLANG_WARN_BLOCK_CAPTURE_AUTORELEASING = YES;
				CLANG_WARN_BOOL_CONVERSION = YES;
				CLANG_WARN_COMMA = YES;
				CLANG_WARN_CONSTANT_CONVERSION = YES;
				CLANG_WARN_DIRECT_OBJC_ISA_USAGE = YES_ERROR;
				CLANG_WARN_DOCUMENTATION_COMMENTS = YES;
				CLANG_WARN_EMPTY_BODY = YES;
				CLANG_WARN_ENUM_CONVERSION = YES;
				CLANG_WARN_INFINITE_RECURSION = YES;
				CLANG_WARN_INT_CONVERSION = YES;
				CLANG_WARN_NON_LITERAL_NULL_CONVERSION = YES;
				CLANG_WARN_OBJC_LITERAL_CONVERSION = YES;
				CLANG_WARN_OBJC_ROOT_CLASS = YES_ERROR;
				CLANG_WARN_RANGE_LOOP_ANALYSIS = YES;
				CLANG_WARN_STRICT_PROTOTYPES = YES;
				CLANG_WARN_SUSPICIOUS_MOVE = YES;
				CLANG_WARN_UNGUARDED_AVAILABILITY = YES_AGGRESSIVE;
				CLANG_WARN_UNREACHABLE_CODE = YES;
				CLANG_WARN__DUPLICATE_METHOD_MATCH = YES;
				CODE_SIGN_IDENTITY = "iPhone Developer";
				COPY_PHASE_STRIP = NO;
				DEBUG_INFORMATION_FORMAT = "dwarf-with-dsym";
				ENABLE_NS_ASSERTIONS = NO;
				ENABLE_STRICT_OBJC_MSGSEND = YES;
				GCC_C_LANGUAGE_STANDARD = gnu11;
				GCC_NO_COMMON_BLOCKS = YES;
				GCC_WARN_64_TO_32_BIT_CONVERSION = YES;
				GCC_WARN_ABOUT_RETURN_TYPE = YES_ERROR;
				GCC_WARN_UNDECLARED_SELECTOR = YES;
				GCC_WARN_UNINITIALIZED_AUTOS = YES_AGGRESSIVE;
				GCC_WARN_UNUSED_FUNCTION = YES;
				GCC_WARN_UNUSED_VARIABLE = YES;
				IPHONEOS_DEPLOYMENT_TARGET = 11.2;
				MTL_ENABLE_DEBUG_INFO = NO;
				SDKROOT = iphoneos;
				SWIFT_OPTIMIZATION_LEVEL = "-Owholemodule";
				VALIDATE_PRODUCT = YES;
			};
			name = Release;
		};
		89C997871FF1AAC5002AB7A2 /* Debug */ = {
			isa = XCBuildConfiguration;
			buildSettings = {
				ASSETCATALOG_COMPILER_APPICON_NAME = AppIcon;
				CODE_SIGN_STYLE = Automatic;
				INFOPLIST_FILE = CocoaPodsDemo/Info.plist;
				LD_RUNPATH_SEARCH_PATHS = "$(inherited) @executable_path/Frameworks";
				PRODUCT_BUNDLE_IDENTIFIER = com.shrijitsingh.CocoaPodsDemo;
				PRODUCT_NAME = "$(TARGET_NAME)";
				SWIFT_VERSION = 4.0;
				TARGETED_DEVICE_FAMILY = "1,2";
			};
			name = Debug;
		};
		89C997881FF1AAC5002AB7A2 /* Release */ = {
			isa = XCBuildConfiguration;
			buildSettings = {
				ASSETCATALOG_COMPILER_APPICON_NAME = AppIcon;
				CODE_SIGN_STYLE = Automatic;
				INFOPLIST_FILE = CocoaPodsDemo/Info.plist;
				LD_RUNPATH_SEARCH_PATHS = "$(inherited) @executable_path/Frameworks";
				PRODUCT_BUNDLE_IDENTIFIER = com.shrijitsingh.CocoaPodsDemo;
				PRODUCT_NAME = "$(TARGET_NAME)";
				SWIFT_VERSION = 4.0;
				TARGETED_DEVICE_FAMILY = "1,2";
			};
			name = Release;
		};
		89C9978A1FF1AAC5002AB7A2 /* Debug */ = {
			isa = XCBuildConfiguration;
			buildSettings = {
				ALWAYS_EMBED_SWIFT_STANDARD_LIBRARIES = YES;
				BUNDLE_LOADER = "$(TEST_HOST)";
				CODE_SIGN_STYLE = Automatic;
				INFOPLIST_FILE = CocoaPodsDemoTests/Info.plist;
				LD_RUNPATH_SEARCH_PATHS = "$(inherited) @executable_path/Frameworks @loader_path/Frameworks";
				PRODUCT_BUNDLE_IDENTIFIER = com.shrijitsingh.CocoaPodsDemoTests;
				PRODUCT_NAME = "$(TARGET_NAME)";
				SWIFT_VERSION = 4.0;
				TARGETED_DEVICE_FAMILY = "1,2";
				TEST_HOST = "$(BUILT_PRODUCTS_DIR)/CocoaPodsDemo.app/CocoaPodsDemo";
			};
			name = Debug;
		};
		89C9978B1FF1AAC5002AB7A2 /* Release */ = {
			isa = XCBuildConfiguration;
			buildSettings = {
				ALWAYS_EMBED_SWIFT_STANDARD_LIBRARIES = YES;
				BUNDLE_LOADER = "$(TEST_HOST)";
				CODE_SIGN_STYLE = Automatic;
				INFOPLIST_FILE = CocoaPodsDemoTests/Info.plist;
				LD_RUNPATH_SEARCH_PATHS = "$(inherited) @executable_path/Frameworks @loader_path/Frameworks";
				PRODUCT_BUNDLE_IDENTIFIER = com.shrijitsingh.CocoaPodsDemoTests;
				PRODUCT_NAME = "$(TARGET_NAME)";
				SWIFT_VERSION = 4.0;
				TARGETED_DEVICE_FAMILY = "1,2";
				TEST_HOST = "$(BUILT_PRODUCTS_DIR)/CocoaPodsDemo.app/CocoaPodsDemo";
			};
			name = Release;
		};
		89C9978D1FF1AAC5002AB7A2 /* Debug */ = {
			isa = XCBuildConfiguration;
			buildSettings = {
				ALWAYS_EMBED_SWIFT_STANDARD_LIBRARIES = YES;
				CODE_SIGN_STYLE = Automatic;
				INFOPLIST_FILE = CocoaPodsDemoUITests/Info.plist;
				LD_RUNPATH_SEARCH_PATHS = "$(inherited) @executable_path/Frameworks @loader_path/Frameworks";
				PRODUCT_BUNDLE_IDENTIFIER = com.shrijitsingh.CocoaPodsDemoUITests;
				PRODUCT_NAME = "$(TARGET_NAME)";
				SWIFT_VERSION = 4.0;
				TARGETED_DEVICE_FAMILY = "1,2";
				TEST_TARGET_NAME = CocoaPodsDemo;
			};
			name = Debug;
		};
		89C9978E1FF1AAC5002AB7A2 /* Release */ = {
			isa = XCBuildConfiguration;
			buildSettings = {
				ALWAYS_EMBED_SWIFT_STANDARD_LIBRARIES = YES;
				CODE_SIGN_STYLE = Automatic;
				INFOPLIST_FILE = CocoaPodsDemoUITests/Info.plist;
				LD_RUNPATH_SEARCH_PATHS = "$(inherited) @executable_path/Frameworks @loader_path/Frameworks";
				PRODUCT_BUNDLE_IDENTIFIER = com.shrijitsingh.CocoaPodsDemoUITests;
				PRODUCT_NAME = "$(TARGET_NAME)";
				SWIFT_VERSION = 4.0;
				TARGETED_DEVICE_FAMILY = "1,2";
				TEST_TARGET_NAME = CocoaPodsDemo;
			};
			name = Release;
		};
/* End XCBuildConfiguration section */

/* Begin XCConfigurationList section */
		89C997561FF1AAC4002AB7A2 /* Build configuration list for PBXProject "CocoaPodsDemo" */ = {
			isa = XCConfigurationList;
			buildConfigurations = (
				89C997841FF1AAC5002AB7A2 /* Debug */,
				89C997851FF1AAC5002AB7A2 /* Release */,
			);
			defaultConfigurationIsVisible = 0;
			defaultConfigurationName = Release;
		};
		89C997861FF1AAC5002AB7A2 /* Build configuration list for PBXNativeTarget "CocoaPodsDemo" */ = {
			isa = XCConfigurationList;
			buildConfigurations = (
				89C997871FF1AAC5002AB7A2 /* Debug */,
				89C997881FF1AAC5002AB7A2 /* Release */,
			);
			defaultConfigurationIsVisible = 0;
			defaultConfigurationName = Release;
		};
		89C997891FF1AAC5002AB7A2 /* Build configuration list for PBXNativeTarget "CocoaPodsDemoTests" */ = {
			isa = XCConfigurationList;
			buildConfigurations = (
				89C9978A1FF1AAC5002AB7A2 /* Debug */,
				89C9978B1FF1AAC5002AB7A2 /* Release */,
			);
			defaultConfigurationIsVisible = 0;
			defaultConfigurationName = Release;
		};
		89C9978C1FF1AAC5002AB7A2 /* Build configuration list for PBXNativeTarget "CocoaPodsDemoUITests" */ = {
			isa = XCConfigurationList;
			buildConfigurations = (
				89C9978D1FF1AAC5002AB7A2 /* Debug */,
				89C9978E1FF1AAC5002AB7A2 /* Release */,
			);
			defaultConfigurationIsVisible = 0;
			defaultConfigurationName = Release;
		};
/* End XCConfigurationList section */

/* Begin XCVersionGroup section */
		89C997651FF1AAC4002AB7A2 /* CocoaPodsDemo.xcdatamodeld */ = {
			isa = XCVersionGroup;
			children = (
				89C997661FF1AAC4002AB7A2 /* CocoaPodsDemo.xcdatamodel */,
			);
			currentVersion = 89C997661FF1AAC4002AB7A2 /* CocoaPodsDemo.xcdatamodel */;
			path = CocoaPodsDemo.xcdatamodeld;
			sourceTree = "<group>";
			versionGroupType = wrapper.xcdatamodel;
		};
/* End XCVersionGroup section */
	};
	rootObject = 89C997531FF1AAC4002AB7A2 /* Project object */;
}
